dependencies:
- name: redis
  repository: https://charts.bitnami.com/bitnami
  version: 19.5.2
- name: postgresql
  repository: https://charts.bitnami.com/bitnami
  version: 15.5.1
- name: argo-workflows
  repository: https://argoproj.github.io/argo-helm
  version: 0.32.0
- name: dask-gateway
  repository: https://helm.dask.org
  version: 2024.1.0
digest: sha256:7e0140012d6a39a9c1cc88eaf3cc9c30673883dd4959b1582d72aefb6fb1f478
generated: "2026-07-01T11:09:46.593839005+02:00"
